
Microsoft Visual Studio Solution File, Format Version 12.00
# Visual Studio Version 17
VisualStudioVersion = 17.9.34607.119
MinimumVisualStudioVersion = 10.0.40219.1
Project("{FAE04EC0-301F-11D3-BF4B-00C04F79EFBC}") = "Person.Entities", "Person.Entities\Person.Entities.csproj", "{67ED45E0-390C-4A73-B4BB-922A19BC3FC4}"
EndProject
Project("{FAE04EC0-301F-11D3-BF4B-00C04F79EFBC}") = "Person.Core", "Person.Core\Person.Core.csproj", "{288E1A79-5C0C-45EA-A774-2EDF5337DCFB}"
EndProject
Project("{FAE04EC0-301F-11D3-BF4B-00C04F79EFBC}") = "Person.DataAccess", "Person.DataAccess\Person.DataAccess.csproj", "{CE1546E7-A72B-4ADE-B0D9-A014D7672631}"
EndProject
Project("{FAE04EC0-301F-11D3-BF4B-00C04F79EFBC}") = "Person.Business", "Person.Business\Person.Business.csproj", "{4BDE7FDC-2B22-4125-A006-7B6711203C72}"
EndProject
Project("{FAE04EC0-301F-11D3-BF4B-00C04F79EFBC}") = "Person.WebUI", "Person.WebUI\Person.WebUI.csproj", "{127E2223-AB06-4C60-94B3-4078C400E6BD}"
EndProject
Global
	GlobalSection(SolutionConfigurationPlatforms) = preSolution
		Debug|Any CPU = Debug|Any CPU
		Release|Any CPU = Release|Any CPU
	EndGlobalSection
	GlobalSection(ProjectConfigurationPlatforms) = postSolution
		{67ED45E0-390C-4A73-B4BB-922A19BC3FC4}.Debug|Any CPU.ActiveCfg = Debug|Any CPU
		{67ED45E0-390C-4A73-B4BB-922A19BC3FC4}.Debug|Any CPU.Build.0 = Debug|Any CPU
		{67ED45E0-390C-4A73-B4BB-922A19BC3FC4}.Release|Any CPU.ActiveCfg = Release|Any CPU
		{67ED45E0-390C-4A73-B4BB-922A19BC3FC4}.Release|Any CPU.Build.0 = Release|Any CPU
		{288E1A79-5C0C-45EA-A774-2EDF5337DCFB}.Debug|Any CPU.ActiveCfg = Debug|Any CPU
		{288E1A79-5C0C-45EA-A774-2EDF5337DCFB}.Debug|Any CPU.Build.0 = Debug|Any CPU
		{288E1A79-5C0C-45EA-A774-2EDF5337DCFB}.Release|Any CPU.ActiveCfg = Release|Any CPU
		{288E1A79-5C0C-45EA-A774-2EDF5337DCFB}.Release|Any CPU.Build.0 = Release|Any CPU
		{CE1546E7-A72B-4ADE-B0D9-A014D7672631}.Debug|Any CPU.ActiveCfg = Debug|Any CPU
		{CE1546E7-A72B-4ADE-B0D9-A014D7672631}.Debug|Any CPU.Build.0 = Debug|Any CPU
		{CE1546E7-A72B-4ADE-B0D9-A014D7672631}.Release|Any CPU.ActiveCfg = Release|Any CPU
		{CE1546E7-A72B-4ADE-B0D9-A014D7672631}.Release|Any CPU.Build.0 = Release|Any CPU
		{4BDE7FDC-2B22-4125-A006-7B6711203C72}.Debug|Any CPU.ActiveCfg = Debug|Any CPU
		{4BDE7FDC-2B22-4125-A006-7B6711203C72}.Debug|Any CPU.Build.0 = Debug|Any CPU
		{4BDE7FDC-2B22-4125-A006-7B6711203C72}.Release|Any CPU.ActiveCfg = Release|Any CPU
		{4BDE7FDC-2B22-4125-A006-7B6711203C72}.Release|Any CPU.Build.0 = Release|Any CPU
		{127E2223-AB06-4C60-94B3-4078C400E6BD}.Debug|Any CPU.ActiveCfg = Debug|Any CPU
		{127E2223-AB06-4C60-94B3-4078C400E6BD}.Debug|Any CPU.Build.0 = Debug|Any CPU
		{127E2223-AB06-4C60-94B3-4078C400E6BD}.Release|Any CPU.ActiveCfg = Release|Any CPU
		{127E2223-AB06-4C60-94B3-4078C400E6BD}.Release|Any CPU.Build.0 = Release|Any CPU
	EndGlobalSection
	GlobalSection(SolutionProperties) = preSolution
		HideSolutionNode = FALSE
	EndGlobalSection
	GlobalSection(ExtensibilityGlobals) = postSolution
		SolutionGuid = {87DD5BDF-8300-44C2-B75C-34B1034A13B3}
	EndGlobalSection
EndGlobal
